
Microsoft Visual Studio Solution File, Format Version 12.00
# Visual Studio Version 17
VisualStudioVersion = 17.7.34031.279
MinimumVisualStudioVersion = 10.0.40219.1
Project("{FAE04EC0-301F-11D3-BF4B-00C04F79EFBC}") = "Daily_Sells_App", "Daily_Sells_App\Daily_Sells_App.csproj", "{740CCA66-C3F4-40C5-8C7F-2DC98C3363F0}"
EndProject
Global
	GlobalSection(SolutionConfigurationPlatforms) = preSolution
		Debug|Any CPU = Debug|Any CPU
		Release|Any CPU = Release|Any CPU
	EndGlobalSection
	GlobalSection(ProjectConfigurationPlatforms) = postSolution
		{740CCA66-C3F4-40C5-8C7F-2DC98C3363F0}.Debug|Any CPU.ActiveCfg = Debug|Any CPU
		{740CCA66-C3F4-40C5-8C7F-2DC98C3363F0}.Debug|Any CPU.Build.0 = Debug|Any CPU
		{740CCA66-C3F4-40C5-8C7F-2DC98C3363F0}.Release|Any CPU.ActiveCfg = Release|Any CPU
		{740CCA66-C3F4-40C5-8C7F-2DC98C3363F0}.Release|Any CPU.Build.0 = Release|Any CPU
	EndGlobalSection
	GlobalSection(SolutionProperties) = preSolution
		HideSolutionNode = FALSE
	EndGlobalSection
	GlobalSection(ExtensibilityGlobals) = postSolution
		SolutionGuid = {2232E32D-F2EF-4D0A-82D8-A55DBC948C6D}
	EndGlobalSection
EndGlobal
